
Microsoft Visual Studio Solution File, Format Version 12.00
# Visual Studio Version 17
VisualStudioVersion = 17.10.34928.147
MinimumVisualStudioVersion = 10.0.40219.1
Project("{FAE04EC0-301F-11D3-BF4B-00C04F79EFBC}") = "SerialPadTest", "SerialPadTest\SerialPadTest.csproj", "{2DE38DB1-2C26-4764-976D-244E884D7900}"
EndProject
Global
	GlobalSection(SolutionConfigurationPlatforms) = preSolution
		Debug|Any CPU = Debug|Any CPU
		Release|Any CPU = Release|Any CPU
	EndGlobalSection
	GlobalSection(ProjectConfigurationPlatforms) = postSolution
		{2DE38DB1-2C26-4764-976D-244E884D7900}.Debug|Any CPU.ActiveCfg = Debug|Any CPU
		{2DE38DB1-2C26-4764-976D-244E884D7900}.Debug|Any CPU.Build.0 = Debug|Any CPU
		{2DE38DB1-2C26-4764-976D-244E884D7900}.Release|Any CPU.ActiveCfg = Release|Any CPU
		{2DE38DB1-2C26-4764-976D-244E884D7900}.Release|Any CPU.Build.0 = Release|Any CPU
	EndGlobalSection
	GlobalSection(SolutionProperties) = preSolution
		HideSolutionNode = FALSE
	EndGlobalSection
	GlobalSection(ExtensibilityGlobals) = postSolution
		SolutionGuid = {785450B1-DD92-4755-9DDD-8E182A395023}
	EndGlobalSection
EndGlobal
